
Microsoft Visual Studio Solution File, Format Version 12.00
# Visual Studio Version 17
VisualStudioVersion = 17.11.34929.205
MinimumVisualStudioVersion = 10.0.40219.1
Project("{8BC9CEB8-8B4A-11D0-8D11-00A0C91BC942}") = "main", "main\main.vcxproj", "{183574DC-81B0-4FB9-A6C0-E7468FBF6BF2}"
	ProjectSection(ProjectDependencies) = postProject
		{29F8417A-9F77-44E2-A1B5-D3EE15751807} = {29F8417A-9F77-44E2-A1B5-D3EE15751807}
		{65C85929-A4CB-4B82-B7E8-37D3F41FE9BC} = {65C85929-A4CB-4B82-B7E8-37D3F41FE9BC}
		{F3385125-91E9-4520-8FF5-A7649E02C608} = {F3385125-91E9-4520-8FF5-A7649E02C608}
		{FD59DB77-F515-41E6-8711-37653838744E} = {FD59DB77-F515-41E6-8711-37653838744E}
	EndProjectSection
EndProject
Project("{8BC9CEB8-8B4A-11D0-8D11-00A0C91BC942}") = "edfa", "include\edfa\edfa.vcxproj", "{9F1E74DF-3FD2-4266-A571-EEA5C82AC861}"
EndProject
Project("{8BC9CEB8-8B4A-11D0-8D11-00A0C91BC942}") = "pcie6920_250m", "include\pcie6920_250m\laser.vcxproj", "{AFD40F52-CAF7-490E-89FA-BEC16B8CBAF5}"
EndProject
Project("{8BC9CEB8-8B4A-11D0-8D11-00A0C91BC942}") = "quick_ui", "include\quick_ui\quick_ui.vcxproj", "{BCE356A3-4F9F-4EE2-BB4F-11B4C8E7AEBB}"
EndProject
Project("{8BC9CEB8-8B4A-11D0-8D11-00A0C91BC942}") = "visual", "main\visual.vcxproj", "{9C526739-3539-469A-AF10-F52257775DCD}"
	ProjectSection(ProjectDependencies) = postProject
		{29F8417A-9F77-44E2-A1B5-D3EE15751807} = {29F8417A-9F77-44E2-A1B5-D3EE15751807}
		{65C85929-A4CB-4B82-B7E8-37D3F41FE9BC} = {65C85929-A4CB-4B82-B7E8-37D3F41FE9BC}
		{F3385125-91E9-4520-8FF5-A7649E02C608} = {F3385125-91E9-4520-8FF5-A7649E02C608}
		{FD59DB77-F515-41E6-8711-37653838744E} = {FD59DB77-F515-41E6-8711-37653838744E}
	EndProjectSection
EndProject
Project("{2150E333-8FDC-42A3-9474-1A3956D46DE8}") = "module", "module", "{F478E7A5-3E07-48AC-AF1A-1C14A2D21EE0}"
EndProject
Project("{2150E333-8FDC-42A3-9474-1A3956D46DE8}") = "extern", "extern", "{E978CC39-D17B-4A10-8750-C78C8E511FB0}"
EndProject
Project("{8BC9CEB8-8B4A-11D0-8D11-00A0C91BC942}") = "imgui", "..\imgui\imgui\imgui.vcxproj", "{F3385125-91E9-4520-8FF5-A7649E02C608}"
EndProject
Project("{8BC9CEB8-8B4A-11D0-8D11-00A0C91BC942}") = "imgui_file_dialog", "..\imgui\imgui_file_dialog\imgui_file_dialog.vcxproj", "{65C85929-A4CB-4B82-B7E8-37D3F41FE9BC}"
	ProjectSection(ProjectDependencies) = postProject
		{F3385125-91E9-4520-8FF5-A7649E02C608} = {F3385125-91E9-4520-8FF5-A7649E02C608}
	EndProjectSection
EndProject
Project("{8BC9CEB8-8B4A-11D0-8D11-00A0C91BC942}") = "implot", "..\imgui\implot\implot.vcxproj", "{29F8417A-9F77-44E2-A1B5-D3EE15751807}"
	ProjectSection(ProjectDependencies) = postProject
		{F3385125-91E9-4520-8FF5-A7649E02C608} = {F3385125-91E9-4520-8FF5-A7649E02C608}
	EndProjectSection
EndProject
Project("{8BC9CEB8-8B4A-11D0-8D11-00A0C91BC942}") = "imgui_glfw_opengl3", "..\imgui\glfw_opengl3\glfw_opengl3.vcxproj", "{FD59DB77-F515-41E6-8711-37653838744E}"
	ProjectSection(ProjectDependencies) = postProject
		{F3385125-91E9-4520-8FF5-A7649E02C608} = {F3385125-91E9-4520-8FF5-A7649E02C608}
	EndProjectSection
EndProject
Global
	GlobalSection(SolutionConfigurationPlatforms) = preSolution
		Debug|x64 = Debug|x64
		Debug|x86 = Debug|x86
		Release|x64 = Release|x64
		Release|x86 = Release|x86
	EndGlobalSection
	GlobalSection(ProjectConfigurationPlatforms) = postSolution
		{183574DC-81B0-4FB9-A6C0-E7468FBF6BF2}.Debug|x64.ActiveCfg = Debug|x64
		{183574DC-81B0-4FB9-A6C0-E7468FBF6BF2}.Debug|x64.Build.0 = Debug|x64
		{183574DC-81B0-4FB9-A6C0-E7468FBF6BF2}.Debug|x86.ActiveCfg = Debug|Win32
		{183574DC-81B0-4FB9-A6C0-E7468FBF6BF2}.Debug|x86.Build.0 = Debug|Win32
		{183574DC-81B0-4FB9-A6C0-E7468FBF6BF2}.Release|x64.ActiveCfg = Release|x64
		{183574DC-81B0-4FB9-A6C0-E7468FBF6BF2}.Release|x64.Build.0 = Release|x64
		{183574DC-81B0-4FB9-A6C0-E7468FBF6BF2}.Release|x86.ActiveCfg = Release|Win32
		{183574DC-81B0-4FB9-A6C0-E7468FBF6BF2}.Release|x86.Build.0 = Release|Win32
		{9F1E74DF-3FD2-4266-A571-EEA5C82AC861}.Debug|x64.ActiveCfg = Debug|x64
		{9F1E74DF-3FD2-4266-A571-EEA5C82AC861}.Debug|x64.Build.0 = Debug|x64
		{9F1E74DF-3FD2-4266-A571-EEA5C82AC861}.Debug|x86.ActiveCfg = Debug|Win32
		{9F1E74DF-3FD2-4266-A571-EEA5C82AC861}.Debug|x86.Build.0 = Debug|Win32
		{9F1E74DF-3FD2-4266-A571-EEA5C82AC861}.Release|x64.ActiveCfg = Release|x64
		{9F1E74DF-3FD2-4266-A571-EEA5C82AC861}.Release|x64.Build.0 = Release|x64
		{9F1E74DF-3FD2-4266-A571-EEA5C82AC861}.Release|x86.ActiveCfg = Release|Win32
		{9F1E74DF-3FD2-4266-A571-EEA5C82AC861}.Release|x86.Build.0 = Release|Win32
		{AFD40F52-CAF7-490E-89FA-BEC16B8CBAF5}.Debug|x64.ActiveCfg = Debug|x64
		{AFD40F52-CAF7-490E-89FA-BEC16B8CBAF5}.Debug|x64.Build.0 = Debug|x64
		{AFD40F52-CAF7-490E-89FA-BEC16B8CBAF5}.Debug|x86.ActiveCfg = Debug|Win32
		{AFD40F52-CAF7-490E-89FA-BEC16B8CBAF5}.Debug|x86.Build.0 = Debug|Win32
		{AFD40F52-CAF7-490E-89FA-BEC16B8CBAF5}.Release|x64.ActiveCfg = Release|x64
		{AFD40F52-CAF7-490E-89FA-BEC16B8CBAF5}.Release|x64.Build.0 = Release|x64
		{AFD40F52-CAF7-490E-89FA-BEC16B8CBAF5}.Release|x86.ActiveCfg = Release|Win32
		{AFD40F52-CAF7-490E-89FA-BEC16B8CBAF5}.Release|x86.Build.0 = Release|Win32
		{BCE356A3-4F9F-4EE2-BB4F-11B4C8E7AEBB}.Debug|x64.ActiveCfg = Debug|x64
		{BCE356A3-4F9F-4EE2-BB4F-11B4C8E7AEBB}.Debug|x64.Build.0 = Debug|x64
		{BCE356A3-4F9F-4EE2-BB4F-11B4C8E7AEBB}.Debug|x86.ActiveCfg = Debug|Win32
		{BCE356A3-4F9F-4EE2-BB4F-11B4C8E7AEBB}.Debug|x86.Build.0 = Debug|Win32
		{BCE356A3-4F9F-4EE2-BB4F-11B4C8E7AEBB}.Release|x64.ActiveCfg = Release|x64
		{BCE356A3-4F9F-4EE2-BB4F-11B4C8E7AEBB}.Release|x64.Build.0 = Release|x64
		{BCE356A3-4F9F-4EE2-BB4F-11B4C8E7AEBB}.Release|x86.ActiveCfg = Release|Win32
		{BCE356A3-4F9F-4EE2-BB4F-11B4C8E7AEBB}.Release|x86.Build.0 = Release|Win32
		{9C526739-3539-469A-AF10-F52257775DCD}.Debug|x64.ActiveCfg = Debug|x64
		{9C526739-3539-469A-AF10-F52257775DCD}.Debug|x64.Build.0 = Debug|x64
		{9C526739-3539-469A-AF10-F52257775DCD}.Debug|x86.ActiveCfg = Debug|Win32
		{9C526739-3539-469A-AF10-F52257775DCD}.Debug|x86.Build.0 = Debug|Win32
		{9C526739-3539-469A-AF10-F52257775DCD}.Release|x64.ActiveCfg = Release|x64
		{9C526739-3539-469A-AF10-F52257775DCD}.Release|x64.Build.0 = Release|x64
		{9C526739-3539-469A-AF10-F52257775DCD}.Release|x86.ActiveCfg = Release|Win32
		{9C526739-3539-469A-AF10-F52257775DCD}.Release|x86.Build.0 = Release|Win32
		{F3385125-91E9-4520-8FF5-A7649E02C608}.Debug|x64.ActiveCfg = Debug|x64
		{F3385125-91E9-4520-8FF5-A7649E02C608}.Debug|x64.Build.0 = Debug|x64
		{F3385125-91E9-4520-8FF5-A7649E02C608}.Debug|x86.ActiveCfg = Debug|Win32
		{F3385125-91E9-4520-8FF5-A7649E02C608}.Debug|x86.Build.0 = Debug|Win32
		{F3385125-91E9-4520-8FF5-A7649E02C608}.Release|x64.ActiveCfg = Release|x64
		{F3385125-91E9-4520-8FF5-A7649E02C608}.Release|x64.Build.0 = Release|x64
		{F3385125-91E9-4520-8FF5-A7649E02C608}.Release|x86.ActiveCfg = Release|Win32
		{F3385125-91E9-4520-8FF5-A7649E02C608}.Release|x86.Build.0 = Release|Win32
		{65C85929-A4CB-4B82-B7E8-37D3F41FE9BC}.Debug|x64.ActiveCfg = Debug|x64
		{65C85929-A4CB-4B82-B7E8-37D3F41FE9BC}.Debug|x64.Build.0 = Debug|x64
		{65C85929-A4CB-4B82-B7E8-37D3F41FE9BC}.Debug|x86.ActiveCfg = Debug|Win32
		{65C85929-A4CB-4B82-B7E8-37D3F41FE9BC}.Debug|x86.Build.0 = Debug|Win32
		{65C85929-A4CB-4B82-B7E8-37D3F41FE9BC}.Release|x64.ActiveCfg = Release|x64
		{65C85929-A4CB-4B82-B7E8-37D3F41FE9BC}.Release|x64.Build.0 = Release|x64
		{65C85929-A4CB-4B82-B7E8-37D3F41FE9BC}.Release|x86.ActiveCfg = Release|Win32
		{65C85929-A4CB-4B82-B7E8-37D3F41FE9BC}.Release|x86.Build.0 = Release|Win32
		{29F8417A-9F77-44E2-A1B5-D3EE15751807}.Debug|x64.ActiveCfg = Debug|x64
		{29F8417A-9F77-44E2-A1B5-D3EE15751807}.Debug|x64.Build.0 = Debug|x64
		{29F8417A-9F77-44E2-A1B5-D3EE15751807}.Debug|x86.ActiveCfg = Debug|Win32
		{29F8417A-9F77-44E2-A1B5-D3EE15751807}.Debug|x86.Build.0 = Debug|Win32
		{29F8417A-9F77-44E2-A1B5-D3EE15751807}.Release|x64.ActiveCfg = Release|x64
		{29F8417A-9F77-44E2-A1B5-D3EE15751807}.Release|x64.Build.0 = Release|x64
		{29F8417A-9F77-44E2-A1B5-D3EE15751807}.Release|x86.ActiveCfg = Release|Win32
		{29F8417A-9F77-44E2-A1B5-D3EE15751807}.Release|x86.Build.0 = Release|Win32
		{FD59DB77-F515-41E6-8711-37653838744E}.Debug|x64.ActiveCfg = Debug|x64
		{FD59DB77-F515-41E6-8711-37653838744E}.Debug|x64.Build.0 = Debug|x64
		{FD59DB77-F515-41E6-8711-37653838744E}.Debug|x86.ActiveCfg = Debug|Win32
		{FD59DB77-F515-41E6-8711-37653838744E}.Debug|x86.Build.0 = Debug|Win32
		{FD59DB77-F515-41E6-8711-37653838744E}.Release|x64.ActiveCfg = Release|x64
		{FD59DB77-F515-41E6-8711-37653838744E}.Release|x64.Build.0 = Release|x64
		{FD59DB77-F515-41E6-8711-37653838744E}.Release|x86.ActiveCfg = Release|Win32
		{FD59DB77-F515-41E6-8711-37653838744E}.Release|x86.Build.0 = Release|Win32
	EndGlobalSection
	GlobalSection(SolutionProperties) = preSolution
		HideSolutionNode = FALSE
	EndGlobalSection
	GlobalSection(NestedProjects) = preSolution
		{9F1E74DF-3FD2-4266-A571-EEA5C82AC861} = {F478E7A5-3E07-48AC-AF1A-1C14A2D21EE0}
		{AFD40F52-CAF7-490E-89FA-BEC16B8CBAF5} = {F478E7A5-3E07-48AC-AF1A-1C14A2D21EE0}
		{BCE356A3-4F9F-4EE2-BB4F-11B4C8E7AEBB} = {F478E7A5-3E07-48AC-AF1A-1C14A2D21EE0}
		{F3385125-91E9-4520-8FF5-A7649E02C608} = {E978CC39-D17B-4A10-8750-C78C8E511FB0}
		{65C85929-A4CB-4B82-B7E8-37D3F41FE9BC} = {E978CC39-D17B-4A10-8750-C78C8E511FB0}
		{29F8417A-9F77-44E2-A1B5-D3EE15751807} = {E978CC39-D17B-4A10-8750-C78C8E511FB0}
		{FD59DB77-F515-41E6-8711-37653838744E} = {E978CC39-D17B-4A10-8750-C78C8E511FB0}
	EndGlobalSection
	GlobalSection(ExtensibilityGlobals) = postSolution
		SolutionGuid = {A3EC5616-58B2-4151-A557-B6074977403E}
	EndGlobalSection
EndGlobal
