
Microsoft Visual Studio Solution File, Format Version 12.00
# Visual Studio Version 17
VisualStudioVersion = 17.11.34929.205
MinimumVisualStudioVersion = 10.0.40219.1
Project("{8BC9CEB8-8B4A-11D0-8D11-00A0C91BC942}") = "main", "main\main.vcxproj", "{183574DC-81B0-4FB9-A6C0-E7468FBF6BF2}"
EndProject
Project("{8BC9CEB8-8B4A-11D0-8D11-00A0C91BC942}") = "edfa", "include\edfa\edfa.vcxproj", "{9F1E74DF-3FD2-4266-A571-EEA5C82AC861}"
EndProject
Project("{8BC9CEB8-8B4A-11D0-8D11-00A0C91BC942}") = "pcie6920_250m", "include\pcie6920_250m\laser.vcxproj", "{AFD40F52-CAF7-490E-89FA-BEC16B8CBAF5}"
EndProject
Project("{8BC9CEB8-8B4A-11D0-8D11-00A0C91BC942}") = "quick_ui", "include\quick_ui\quick_ui.vcxproj", "{BCE356A3-4F9F-4EE2-BB4F-11B4C8E7AEBB}"
EndProject
Global
	GlobalSection(SolutionConfigurationPlatforms) = preSolution
		Debug|x64 = Debug|x64
		Debug|x86 = Debug|x86
		Release|x64 = Release|x64
		Release|x86 = Release|x86
	EndGlobalSection
	GlobalSection(ProjectConfigurationPlatforms) = postSolution
		{183574DC-81B0-4FB9-A6C0-E7468FBF6BF2}.Debug|x64.ActiveCfg = Debug|x64
		{183574DC-81B0-4FB9-A6C0-E7468FBF6BF2}.Debug|x64.Build.0 = Debug|x64
		{183574DC-81B0-4FB9-A6C0-E7468FBF6BF2}.Debug|x86.ActiveCfg = Debug|Win32
		{183574DC-81B0-4FB9-A6C0-E7468FBF6BF2}.Debug|x86.Build.0 = Debug|Win32
		{183574DC-81B0-4FB9-A6C0-E7468FBF6BF2}.Release|x64.ActiveCfg = Release|x64
		{183574DC-81B0-4FB9-A6C0-E7468FBF6BF2}.Release|x64.Build.0 = Release|x64
		{183574DC-81B0-4FB9-A6C0-E7468FBF6BF2}.Release|x86.ActiveCfg = Release|Win32
		{183574DC-81B0-4FB9-A6C0-E7468FBF6BF2}.Release|x86.Build.0 = Release|Win32
		{9F1E74DF-3FD2-4266-A571-EEA5C82AC861}.Debug|x64.ActiveCfg = Debug|x64
		{9F1E74DF-3FD2-4266-A571-EEA5C82AC861}.Debug|x64.Build.0 = Debug|x64
		{9F1E74DF-3FD2-4266-A571-EEA5C82AC861}.Debug|x86.ActiveCfg = Debug|Win32
		{9F1E74DF-3FD2-4266-A571-EEA5C82AC861}.Debug|x86.Build.0 = Debug|Win32
		{9F1E74DF-3FD2-4266-A571-EEA5C82AC861}.Release|x64.ActiveCfg = Release|x64
		{9F1E74DF-3FD2-4266-A571-EEA5C82AC861}.Release|x64.Build.0 = Release|x64
		{9F1E74DF-3FD2-4266-A571-EEA5C82AC861}.Release|x86.ActiveCfg = Release|Win32
		{9F1E74DF-3FD2-4266-A571-EEA5C82AC861}.Release|x86.Build.0 = Release|Win32
		{AFD40F52-CAF7-490E-89FA-BEC16B8CBAF5}.Debug|x64.ActiveCfg = Debug|x64
		{AFD40F52-CAF7-490E-89FA-BEC16B8CBAF5}.Debug|x64.Build.0 = Debug|x64
		{AFD40F52-CAF7-490E-89FA-BEC16B8CBAF5}.Debug|x86.ActiveCfg = Debug|Win32
		{AFD40F52-CAF7-490E-89FA-BEC16B8CBAF5}.Debug|x86.Build.0 = Debug|Win32
		{AFD40F52-CAF7-490E-89FA-BEC16B8CBAF5}.Release|x64.ActiveCfg = Release|x64
		{AFD40F52-CAF7-490E-89FA-BEC16B8CBAF5}.Release|x64.Build.0 = Release|x64
		{AFD40F52-CAF7-490E-89FA-BEC16B8CBAF5}.Release|x86.ActiveCfg = Release|Win32
		{AFD40F52-CAF7-490E-89FA-BEC16B8CBAF5}.Release|x86.Build.0 = Release|Win32
		{BCE356A3-4F9F-4EE2-BB4F-11B4C8E7AEBB}.Debug|x64.ActiveCfg = Debug|x64
		{BCE356A3-4F9F-4EE2-BB4F-11B4C8E7AEBB}.Debug|x64.Build.0 = Debug|x64
		{BCE356A3-4F9F-4EE2-BB4F-11B4C8E7AEBB}.Debug|x86.ActiveCfg = Debug|Win32
		{BCE356A3-4F9F-4EE2-BB4F-11B4C8E7AEBB}.Debug|x86.Build.0 = Debug|Win32
		{BCE356A3-4F9F-4EE2-BB4F-11B4C8E7AEBB}.Release|x64.ActiveCfg = Release|x64
		{BCE356A3-4F9F-4EE2-BB4F-11B4C8E7AEBB}.Release|x64.Build.0 = Release|x64
		{BCE356A3-4F9F-4EE2-BB4F-11B4C8E7AEBB}.Release|x86.ActiveCfg = Release|Win32
		{BCE356A3-4F9F-4EE2-BB4F-11B4C8E7AEBB}.Release|x86.Build.0 = Release|Win32
	EndGlobalSection
	GlobalSection(SolutionProperties) = preSolution
		HideSolutionNode = FALSE
	EndGlobalSection
	GlobalSection(ExtensibilityGlobals) = postSolution
		SolutionGuid = {A3EC5616-58B2-4151-A557-B6074977403E}
	EndGlobalSection
EndGlobal
